
Microsoft Visual Studio Solution File, Format Version 12.00
# Visual Studio Version 17
VisualStudioVersion = 17.14.36121.58 d17.14
MinimumVisualStudioVersion = 10.0.40219.1
Project("{FAE04EC0-301F-11D3-BF4B-00C04F79EFBC}") = "MedicalRecords.API", "MedicalRecords.API.csproj", "{BE8F41D4-6421-4787-A50A-61E5ACDF9445}"
EndProject
Global
	GlobalSection(SolutionConfigurationPlatforms) = preSolution
		Debug|Any CPU = Debug|Any CPU
		Release|Any CPU = Release|Any CPU
	EndGlobalSection
	GlobalSection(ProjectConfigurationPlatforms) = postSolution
		{BE8F41D4-6421-4787-A50A-61E5ACDF9445}.Debug|Any CPU.ActiveCfg = Debug|Any CPU
		{BE8F41D4-6421-4787-A50A-61E5ACDF9445}.Debug|Any CPU.Build.0 = Debug|Any CPU
		{BE8F41D4-6421-4787-A50A-61E5ACDF9445}.Release|Any CPU.ActiveCfg = Release|Any CPU
		{BE8F41D4-6421-4787-A50A-61E5ACDF9445}.Release|Any CPU.Build.0 = Release|Any CPU
	EndGlobalSection
	GlobalSection(SolutionProperties) = preSolution
		HideSolutionNode = FALSE
	EndGlobalSection
	GlobalSection(ExtensibilityGlobals) = postSolution
		SolutionGuid = {EBC2D153-3019-42BC-975E-7239EE51DC76}
	EndGlobalSection
EndGlobal
